// !$*UTF8*$!
{
	archiveVersion = 1;
	classes = {
	};
	objectVersion = 55;
	objects = {

/* Begin PBXBuildFile section */
		641570862861F8CD00156347 /* main.cpp in Sources */ = {isa = PBXBuildFile; fileRef = 641570852861F8CD00156347 /* main.cpp */; };
		641570932861F91F00156347 /* strutil.cpp in Sources */ = {isa = PBXBuildFile; fileRef = 641570902861F91F00156347 /* strutil.cpp */; };
		641570942861F91F00156347 /* secparser.cpp in Sources */ = {isa = PBXBuildFile; fileRef = 641570912861F91F00156347 /* secparser.cpp */; };
		641570952861F91F00156347 /* bytebuffer.cpp in Sources */ = {isa = PBXBuildFile; fileRef = 641570922861F91F00156347 /* bytebuffer.cpp */; };
		6415709A2861F93300156347 /* ip4addr.cpp in Sources */ = {isa = PBXBuildFile; fileRef = 641570972861F93300156347 /* ip4addr.cpp */; };
		6415709B2861F93300156347 /* socket.cpp in Sources */ = {isa = PBXBuildFile; fileRef = 641570992861F93300156347 /* socket.cpp */; };
		641570A22861FF7500156347 /* uoxcfg.cpp in Sources */ = {isa = PBXBuildFile; fileRef = 641570A02861FF7500156347 /* uoxcfg.cpp */; };
		641570A528620AF500156347 /* console.cpp in Sources */ = {isa = PBXBuildFile; fileRef = 641570A428620AF500156347 /* console.cpp */; };
		641570AA286218B000156347 /* section.cpp in Sources */ = {isa = PBXBuildFile; fileRef = 641570A8286218B000156347 /* section.cpp */; };
		641570AD28622BEB00156347 /* secgroup.cpp in Sources */ = {isa = PBXBuildFile; fileRef = 641570AB28622BEA00156347 /* secgroup.cpp */; };
		641570C428623BAD00156347 /* libz.tbd in Frameworks */ = {isa = PBXBuildFile; fileRef = 641570C328623BA500156347 /* libz.tbd */; };
		641570C728623C0100156347 /* uoxdata.cpp in Sources */ = {isa = PBXBuildFile; fileRef = 641570C528623C0100156347 /* uoxdata.cpp */; };
		641570CD2862600100156347 /* dictionary.cpp in Sources */ = {isa = PBXBuildFile; fileRef = 641570CB2862600100156347 /* dictionary.cpp */; };
		641570D02862602100156347 /* dictsec.cpp in Sources */ = {isa = PBXBuildFile; fileRef = 641570CE2862602100156347 /* dictsec.cpp */; };
		641570D328635B6100156347 /* uoworld.cpp in Sources */ = {isa = PBXBuildFile; fileRef = 641570D128635B6100156347 /* uoworld.cpp */; };
		641570D628635E7500156347 /* mapdef.cpp in Sources */ = {isa = PBXBuildFile; fileRef = 641570D428635E7500156347 /* mapdef.cpp */; };
		641570D92863CF2F00156347 /* servcfg.cpp in Sources */ = {isa = PBXBuildFile; fileRef = 641570D72863CF2F00156347 /* servcfg.cpp */; };
		641570DC2864897300156347 /* shardcfg.cpp in Sources */ = {isa = PBXBuildFile; fileRef = 641570DA2864897300156347 /* shardcfg.cpp */; };
		641570DF2864C2B600156347 /* account.cpp in Sources */ = {isa = PBXBuildFile; fileRef = 641570DD2864C2B600156347 /* account.cpp */; };
		641570E32865CE5400156347 /* packet.cpp in Sources */ = {isa = PBXBuildFile; fileRef = 641570E12865CE5400156347 /* packet.cpp */; };
		641570E72865CF1100156347 /* objectfactory.cpp in Sources */ = {isa = PBXBuildFile; fileRef = 641570E52865CF1100156347 /* objectfactory.cpp */; };
		641570EA2865CFFC00156347 /* uoxtype.cpp in Sources */ = {isa = PBXBuildFile; fileRef = 641570E82865CFFC00156347 /* uoxtype.cpp */; };
		641570ED2865D11300156347 /* baseobject.cpp in Sources */ = {isa = PBXBuildFile; fileRef = 641570EB2865D11300156347 /* baseobject.cpp */; };
		6415713D28660ECD00156347 /* ultima_types.cpp in Sources */ = {isa = PBXBuildFile; fileRef = 6415713228660ECD00156347 /* ultima_types.cpp */; };
		6415713E28660ECD00156347 /* tileinfo.cpp in Sources */ = {isa = PBXBuildFile; fileRef = 6415713428660ECD00156347 /* tileinfo.cpp */; };
		6415713F28660ECD00156347 /* uopfile.cpp in Sources */ = {isa = PBXBuildFile; fileRef = 6415713628660ECD00156347 /* uopfile.cpp */; };
		6415714028660ECD00156347 /* terrainblock.cpp in Sources */ = {isa = PBXBuildFile; fileRef = 6415713728660ECD00156347 /* terrainblock.cpp */; };
		6415714128660ECD00156347 /* multicollection.cpp in Sources */ = {isa = PBXBuildFile; fileRef = 6415713828660ECD00156347 /* multicollection.cpp */; };
		6415714228660ECD00156347 /* uomap.cpp in Sources */ = {isa = PBXBuildFile; fileRef = 6415713A28660ECD00156347 /* uomap.cpp */; };
		6415714328660ECD00156347 /* artblock.cpp in Sources */ = {isa = PBXBuildFile; fileRef = 6415713C28660ECD00156347 /* artblock.cpp */; };
		641E646828663F490066121E /* shardblock.cpp in Sources */ = {isa = PBXBuildFile; fileRef = 641E646628663F490066121E /* shardblock.cpp */; };
		64708E69286749D000D7975D /* itemobject.cpp in Sources */ = {isa = PBXBuildFile; fileRef = 64708E67286749D000D7975D /* itemobject.cpp */; };
		64708E6C28674A3500D7975D /* multiobject.cpp in Sources */ = {isa = PBXBuildFile; fileRef = 64708E6A28674A3500D7975D /* multiobject.cpp */; };
		64708E6F28674A6000D7975D /* mobobject.cpp in Sources */ = {isa = PBXBuildFile; fileRef = 64708E6D28674A6000D7975D /* mobobject.cpp */; };
		64708E7228674A9700D7975D /* charobject.cpp in Sources */ = {isa = PBXBuildFile; fileRef = 64708E7028674A9700D7975D /* charobject.cpp */; };
		64708E7528674AFD00D7975D /* boatobject.cpp in Sources */ = {isa = PBXBuildFile; fileRef = 64708E7328674AFD00D7975D /* boatobject.cpp */; };
		64708E7828674B3B00D7975D /* spawnobject.cpp in Sources */ = {isa = PBXBuildFile; fileRef = 64708E7628674B3B00D7975D /* spawnobject.cpp */; };
/* End PBXBuildFile section */

/* Begin PBXCopyFilesBuildPhase section */
		641570802861F8CD00156347 /* CopyFiles */ = {
			isa = PBXCopyFilesBuildPhase;
			buildActionMask = 2147483647;
			dstPath = /usr/share/man/man1/;
			dstSubfolderSpec = 0;
			files = (
			);
			runOnlyForDeploymentPostprocessing = 1;
		};
/* End PBXCopyFilesBuildPhase section */

/* Begin PBXFileReference section */
		641570822861F8CD00156347 /* uox */ = {isa = PBXFileReference; explicitFileType = "compiled.mach-o.executable"; includeInIndex = 0; path = uox; sourceTree = BUILT_PRODUCTS_DIR; };
		641570852861F8CD00156347 /* main.cpp */ = {isa = PBXFileReference; lastKnownFileType = sourcecode.cpp.cpp; path = main.cpp; sourceTree = "<group>"; };
		6415708D2861F91E00156347 /* bytebuffer.hpp */ = {isa = PBXFileReference; fileEncoding = 4; lastKnownFileType = sourcecode.cpp.h; path = bytebuffer.hpp; sourceTree = "<group>"; };
		6415708E2861F91E00156347 /* secparser.hpp */ = {isa = PBXFileReference; fileEncoding = 4; lastKnownFileType = sourcecode.cpp.h; path = secparser.hpp; sourceTree = "<group>"; };
		6415708F2861F91E00156347 /* strutil.hpp */ = {isa = PBXFileReference; fileEncoding = 4; lastKnownFileType = sourcecode.cpp.h; path = strutil.hpp; sourceTree = "<group>"; };
		641570902861F91F00156347 /* strutil.cpp */ = {isa = PBXFileReference; fileEncoding = 4; lastKnownFileType = sourcecode.cpp.cpp; path = strutil.cpp; sourceTree = "<group>"; };
		641570912861F91F00156347 /* secparser.cpp */ = {isa = PBXFileReference; fileEncoding = 4; lastKnownFileType = sourcecode.cpp.cpp; path = secparser.cpp; sourceTree = "<group>"; };
		641570922861F91F00156347 /* bytebuffer.cpp */ = {isa = PBXFileReference; fileEncoding = 4; lastKnownFileType = sourcecode.cpp.cpp; path = bytebuffer.cpp; sourceTree = "<group>"; };
		641570962861F93300156347 /* ip4addr.hpp */ = {isa = PBXFileReference; fileEncoding = 4; lastKnownFileType = sourcecode.cpp.h; path = ip4addr.hpp; sourceTree = "<group>"; };
		641570972861F93300156347 /* ip4addr.cpp */ = {isa = PBXFileReference; fileEncoding = 4; lastKnownFileType = sourcecode.cpp.cpp; path = ip4addr.cpp; sourceTree = "<group>"; };
		641570982861F93300156347 /* socket.hpp */ = {isa = PBXFileReference; fileEncoding = 4; lastKnownFileType = sourcecode.cpp.h; path = socket.hpp; sourceTree = "<group>"; };
		641570992861F93300156347 /* socket.cpp */ = {isa = PBXFileReference; fileEncoding = 4; lastKnownFileType = sourcecode.cpp.cpp; path = socket.cpp; sourceTree = "<group>"; };
		641570A02861FF7500156347 /* uoxcfg.cpp */ = {isa = PBXFileReference; lastKnownFileType = sourcecode.cpp.cpp; path = uoxcfg.cpp; sourceTree = "<group>"; };
		641570A12861FF7500156347 /* uoxcfg.hpp */ = {isa = PBXFileReference; lastKnownFileType = sourcecode.cpp.h; path = uoxcfg.hpp; sourceTree = "<group>"; };
		641570A328620AF500156347 /* console.hpp */ = {isa = PBXFileReference; fileEncoding = 4; lastKnownFileType = sourcecode.cpp.h; path = console.hpp; sourceTree = "<group>"; };
		641570A428620AF500156347 /* console.cpp */ = {isa = PBXFileReference; fileEncoding = 4; lastKnownFileType = sourcecode.cpp.cpp; path = console.cpp; sourceTree = "<group>"; };
		641570A628620C3600156347 /* thread_pool.hpp */ = {isa = PBXFileReference; lastKnownFileType = sourcecode.cpp.h; path = thread_pool.hpp; sourceTree = "<group>"; };
		641570A728620C3E00156347 /* random.hpp */ = {isa = PBXFileReference; lastKnownFileType = sourcecode.cpp.h; path = random.hpp; sourceTree = "<group>"; };
		641570A8286218B000156347 /* section.cpp */ = {isa = PBXFileReference; lastKnownFileType = sourcecode.cpp.cpp; path = section.cpp; sourceTree = "<group>"; };
		641570A9286218B000156347 /* section.hpp */ = {isa = PBXFileReference; lastKnownFileType = sourcecode.cpp.h; path = section.hpp; sourceTree = "<group>"; };
		641570AB28622BEA00156347 /* secgroup.cpp */ = {isa = PBXFileReference; lastKnownFileType = sourcecode.cpp.cpp; path = secgroup.cpp; sourceTree = "<group>"; };
		641570AC28622BEB00156347 /* secgroup.hpp */ = {isa = PBXFileReference; lastKnownFileType = sourcecode.cpp.h; path = secgroup.hpp; sourceTree = "<group>"; };
		641570C328623BA500156347 /* libz.tbd */ = {isa = PBXFileReference; lastKnownFileType = "sourcecode.text-based-dylib-definition"; name = libz.tbd; path = usr/lib/libz.tbd; sourceTree = SDKROOT; };
		641570C528623C0100156347 /* uoxdata.cpp */ = {isa = PBXFileReference; lastKnownFileType = sourcecode.cpp.cpp; path = uoxdata.cpp; sourceTree = "<group>"; };
		641570C628623C0100156347 /* uoxdata.hpp */ = {isa = PBXFileReference; lastKnownFileType = sourcecode.cpp.h; path = uoxdata.hpp; sourceTree = "<group>"; };
		641570CB2862600100156347 /* dictionary.cpp */ = {isa = PBXFileReference; lastKnownFileType = sourcecode.cpp.cpp; path = dictionary.cpp; sourceTree = "<group>"; };
		641570CC2862600100156347 /* dictionary.hpp */ = {isa = PBXFileReference; lastKnownFileType = sourcecode.cpp.h; path = dictionary.hpp; sourceTree = "<group>"; };
		641570CE2862602100156347 /* dictsec.cpp */ = {isa = PBXFileReference; lastKnownFileType = sourcecode.cpp.cpp; path = dictsec.cpp; sourceTree = "<group>"; };
		641570CF2862602100156347 /* dictsec.hpp */ = {isa = PBXFileReference; lastKnownFileType = sourcecode.cpp.h; path = dictsec.hpp; sourceTree = "<group>"; };
		641570D128635B6100156347 /* uoworld.cpp */ = {isa = PBXFileReference; lastKnownFileType = sourcecode.cpp.cpp; path = uoworld.cpp; sourceTree = "<group>"; };
		641570D228635B6100156347 /* uoworld.hpp */ = {isa = PBXFileReference; lastKnownFileType = sourcecode.cpp.h; path = uoworld.hpp; sourceTree = "<group>"; };
		641570D428635E7500156347 /* mapdef.cpp */ = {isa = PBXFileReference; lastKnownFileType = sourcecode.cpp.cpp; path = mapdef.cpp; sourceTree = "<group>"; };
		641570D528635E7500156347 /* mapdef.hpp */ = {isa = PBXFileReference; lastKnownFileType = sourcecode.cpp.h; path = mapdef.hpp; sourceTree = "<group>"; };
		641570D72863CF2F00156347 /* servcfg.cpp */ = {isa = PBXFileReference; lastKnownFileType = sourcecode.cpp.cpp; path = servcfg.cpp; sourceTree = "<group>"; };
		641570D82863CF2F00156347 /* servcfg.hpp */ = {isa = PBXFileReference; lastKnownFileType = sourcecode.cpp.h; path = servcfg.hpp; sourceTree = "<group>"; };
		641570DA2864897300156347 /* shardcfg.cpp */ = {isa = PBXFileReference; lastKnownFileType = sourcecode.cpp.cpp; path = shardcfg.cpp; sourceTree = "<group>"; };
		641570DB2864897300156347 /* shardcfg.hpp */ = {isa = PBXFileReference; lastKnownFileType = sourcecode.cpp.h; path = shardcfg.hpp; sourceTree = "<group>"; };
		641570DD2864C2B600156347 /* account.cpp */ = {isa = PBXFileReference; lastKnownFileType = sourcecode.cpp.cpp; path = account.cpp; sourceTree = "<group>"; };
		641570DE2864C2B600156347 /* account.hpp */ = {isa = PBXFileReference; lastKnownFileType = sourcecode.cpp.h; path = account.hpp; sourceTree = "<group>"; };
		641570E12865CE5400156347 /* packet.cpp */ = {isa = PBXFileReference; lastKnownFileType = sourcecode.cpp.cpp; path = packet.cpp; sourceTree = "<group>"; };
		641570E22865CE5400156347 /* packet.hpp */ = {isa = PBXFileReference; lastKnownFileType = sourcecode.cpp.h; path = packet.hpp; sourceTree = "<group>"; };
		641570E52865CF1100156347 /* objectfactory.cpp */ = {isa = PBXFileReference; lastKnownFileType = sourcecode.cpp.cpp; path = objectfactory.cpp; sourceTree = "<group>"; };
		641570E62865CF1100156347 /* objectfactory.hpp */ = {isa = PBXFileReference; lastKnownFileType = sourcecode.cpp.h; path = objectfactory.hpp; sourceTree = "<group>"; };
		641570E82865CFFC00156347 /* uoxtype.cpp */ = {isa = PBXFileReference; lastKnownFileType = sourcecode.cpp.cpp; path = uoxtype.cpp; sourceTree = "<group>"; };
		641570E92865CFFC00156347 /* uoxtype.hpp */ = {isa = PBXFileReference; lastKnownFileType = sourcecode.cpp.h; path = uoxtype.hpp; sourceTree = "<group>"; };
		641570EB2865D11300156347 /* baseobject.cpp */ = {isa = PBXFileReference; lastKnownFileType = sourcecode.cpp.cpp; path = baseobject.cpp; sourceTree = "<group>"; };
		641570EC2865D11300156347 /* baseobject.hpp */ = {isa = PBXFileReference; lastKnownFileType = sourcecode.cpp.h; path = baseobject.hpp; sourceTree = "<group>"; };
		6415712F28660ECD00156347 /* uomap.hpp */ = {isa = PBXFileReference; fileEncoding = 4; lastKnownFileType = sourcecode.cpp.h; path = uomap.hpp; sourceTree = "<group>"; };
		6415713028660ECD00156347 /* tileinfo.hpp */ = {isa = PBXFileReference; fileEncoding = 4; lastKnownFileType = sourcecode.cpp.h; path = tileinfo.hpp; sourceTree = "<group>"; };
		6415713128660ECD00156347 /* artblock.hpp */ = {isa = PBXFileReference; fileEncoding = 4; lastKnownFileType = sourcecode.cpp.h; path = artblock.hpp; sourceTree = "<group>"; };
		6415713228660ECD00156347 /* ultima_types.cpp */ = {isa = PBXFileReference; fileEncoding = 4; lastKnownFileType = sourcecode.cpp.cpp; path = ultima_types.cpp; sourceTree = "<group>"; };
		6415713328660ECD00156347 /* multicollection.hpp */ = {isa = PBXFileReference; fileEncoding = 4; lastKnownFileType = sourcecode.cpp.h; path = multicollection.hpp; sourceTree = "<group>"; };
		6415713428660ECD00156347 /* tileinfo.cpp */ = {isa = PBXFileReference; fileEncoding = 4; lastKnownFileType = sourcecode.cpp.cpp; path = tileinfo.cpp; sourceTree = "<group>"; };
		6415713528660ECD00156347 /* ultima_types.hpp */ = {isa = PBXFileReference; fileEncoding = 4; lastKnownFileType = sourcecode.cpp.h; path = ultima_types.hpp; sourceTree = "<group>"; };
		6415713628660ECD00156347 /* uopfile.cpp */ = {isa = PBXFileReference; fileEncoding = 4; lastKnownFileType = sourcecode.cpp.cpp; path = uopfile.cpp; sourceTree = "<group>"; };
		6415713728660ECD00156347 /* terrainblock.cpp */ = {isa = PBXFileReference; fileEncoding = 4; lastKnownFileType = sourcecode.cpp.cpp; path = terrainblock.cpp; sourceTree = "<group>"; };
		6415713828660ECD00156347 /* multicollection.cpp */ = {isa = PBXFileReference; fileEncoding = 4; lastKnownFileType = sourcecode.cpp.cpp; path = multicollection.cpp; sourceTree = "<group>"; };
		6415713928660ECD00156347 /* uopfile.hpp */ = {isa = PBXFileReference; fileEncoding = 4; lastKnownFileType = sourcecode.cpp.h; path = uopfile.hpp; sourceTree = "<group>"; };
		6415713A28660ECD00156347 /* uomap.cpp */ = {isa = PBXFileReference; fileEncoding = 4; lastKnownFileType = sourcecode.cpp.cpp; path = uomap.cpp; sourceTree = "<group>"; };
		6415713B28660ECD00156347 /* terrainblock.hpp */ = {isa = PBXFileReference; fileEncoding = 4; lastKnownFileType = sourcecode.cpp.h; path = terrainblock.hpp; sourceTree = "<group>"; };
		6415713C28660ECD00156347 /* artblock.cpp */ = {isa = PBXFileReference; fileEncoding = 4; lastKnownFileType = sourcecode.cpp.cpp; path = artblock.cpp; sourceTree = "<group>"; };
		641571452866135E00156347 /* uox.sln */ = {isa = PBXFileReference; lastKnownFileType = text; name = uox.sln; path = vs2022/uox.sln; sourceTree = "<group>"; };
		641571462866135E00156347 /* uox.vcxproj.filters */ = {isa = PBXFileReference; lastKnownFileType = text.xml; name = uox.vcxproj.filters; path = vs2022/uox.vcxproj.filters; sourceTree = "<group>"; };
		641571472866135E00156347 /* uox.vcxproj */ = {isa = PBXFileReference; lastKnownFileType = text.xml; name = uox.vcxproj; path = vs2022/uox.vcxproj; sourceTree = "<group>"; };
		641E646628663F490066121E /* shardblock.cpp */ = {isa = PBXFileReference; lastKnownFileType = sourcecode.cpp.cpp; path = shardblock.cpp; sourceTree = "<group>"; };
		641E646728663F490066121E /* shardblock.hpp */ = {isa = PBXFileReference; lastKnownFileType = sourcecode.cpp.h; path = shardblock.hpp; sourceTree = "<group>"; };
		64708E67286749D000D7975D /* itemobject.cpp */ = {isa = PBXFileReference; lastKnownFileType = sourcecode.cpp.cpp; path = itemobject.cpp; sourceTree = "<group>"; };
		64708E68286749D000D7975D /* itemobject.hpp */ = {isa = PBXFileReference; lastKnownFileType = sourcecode.cpp.h; path = itemobject.hpp; sourceTree = "<group>"; };
		64708E6A28674A3500D7975D /* multiobject.cpp */ = {isa = PBXFileReference; lastKnownFileType = sourcecode.cpp.cpp; path = multiobject.cpp; sourceTree = "<group>"; };
		64708E6B28674A3500D7975D /* multiobject.hpp */ = {isa = PBXFileReference; lastKnownFileType = sourcecode.cpp.h; path = multiobject.hpp; sourceTree = "<group>"; };
		64708E6D28674A6000D7975D /* mobobject.cpp */ = {isa = PBXFileReference; lastKnownFileType = sourcecode.cpp.cpp; path = mobobject.cpp; sourceTree = "<group>"; };
		64708E6E28674A6000D7975D /* mobobject.hpp */ = {isa = PBXFileReference; lastKnownFileType = sourcecode.cpp.h; path = mobobject.hpp; sourceTree = "<group>"; };
		64708E7028674A9700D7975D /* charobject.cpp */ = {isa = PBXFileReference; lastKnownFileType = sourcecode.cpp.cpp; path = charobject.cpp; sourceTree = "<group>"; };
		64708E7128674A9700D7975D /* charobject.hpp */ = {isa = PBXFileReference; lastKnownFileType = sourcecode.cpp.h; path = charobject.hpp; sourceTree = "<group>"; };
		64708E7328674AFD00D7975D /* boatobject.cpp */ = {isa = PBXFileReference; lastKnownFileType = sourcecode.cpp.cpp; path = boatobject.cpp; sourceTree = "<group>"; };
		64708E7428674AFD00D7975D /* boatobject.hpp */ = {isa = PBXFileReference; lastKnownFileType = sourcecode.cpp.h; path = boatobject.hpp; sourceTree = "<group>"; };
		64708E7628674B3B00D7975D /* spawnobject.cpp */ = {isa = PBXFileReference; lastKnownFileType = sourcecode.cpp.cpp; path = spawnobject.cpp; sourceTree = "<group>"; };
		64708E7728674B3B00D7975D /* spawnobject.hpp */ = {isa = PBXFileReference; lastKnownFileType = sourcecode.cpp.h; path = spawnobject.hpp; sourceTree = "<group>"; };
/* End PBXFileReference section */

/* Begin PBXFrameworksBuildPhase section */
		6415707F2861F8CD00156347 /* Frameworks */ = {
			isa = PBXFrameworksBuildPhase;
			buildActionMask = 2147483647;
			files = (
				641570C428623BAD00156347 /* libz.tbd in Frameworks */,
			);
			runOnlyForDeploymentPostprocessing = 0;
		};
/* End PBXFrameworksBuildPhase section */

/* Begin PBXGroup section */
		641570792861F8CD00156347 = {
			isa = PBXGroup;
			children = (
				641571442866133C00156347 /* vs2022 */,
				641570842861F8CD00156347 /* uox */,
				641570832861F8CD00156347 /* Products */,
				641570C228623BA500156347 /* Frameworks */,
			);
			sourceTree = "<group>";
		};
		641570832861F8CD00156347 /* Products */ = {
			isa = PBXGroup;
			children = (
				641570822861F8CD00156347 /* uox */,
			);
			name = Products;
			sourceTree = "<group>";
		};
		641570842861F8CD00156347 /* uox */ = {
			isa = PBXGroup;
			children = (
				641570EE2865D37800156347 /* world&function */,
				641570E42865CEED00156347 /* objects */,
				641570E02865CDA200156347 /* network */,
				641570AE28623B1900156347 /* uodata */,
				6415709F2861FF5C00156347 /* configuration */,
				6415708C2861F8FE00156347 /* utility */,
				641570852861F8CD00156347 /* main.cpp */,
				641570E82865CFFC00156347 /* uoxtype.cpp */,
				641570E92865CFFC00156347 /* uoxtype.hpp */,
			);
			path = uox;
			sourceTree = "<group>";
		};
		6415708C2861F8FE00156347 /* utility */ = {
			isa = PBXGroup;
			children = (
				641570A728620C3E00156347 /* random.hpp */,
				641570A628620C3600156347 /* thread_pool.hpp */,
				641570A428620AF500156347 /* console.cpp */,
				641570A328620AF500156347 /* console.hpp */,
				641570922861F91F00156347 /* bytebuffer.cpp */,
				6415708D2861F91E00156347 /* bytebuffer.hpp */,
				641570912861F91F00156347 /* secparser.cpp */,
				6415708E2861F91E00156347 /* secparser.hpp */,
				641570902861F91F00156347 /* strutil.cpp */,
				6415708F2861F91E00156347 /* strutil.hpp */,
				641570972861F93300156347 /* ip4addr.cpp */,
				641570962861F93300156347 /* ip4addr.hpp */,
				641570992861F93300156347 /* socket.cpp */,
				641570982861F93300156347 /* socket.hpp */,
			);
			path = utility;
			sourceTree = "<group>";
		};
		6415709F2861FF5C00156347 /* configuration */ = {
			isa = PBXGroup;
			children = (
				641570A02861FF7500156347 /* uoxcfg.cpp */,
				641570A12861FF7500156347 /* uoxcfg.hpp */,
				641570A8286218B000156347 /* section.cpp */,
				641570A9286218B000156347 /* section.hpp */,
				641570AB28622BEA00156347 /* secgroup.cpp */,
				641570AC28622BEB00156347 /* secgroup.hpp */,
				641570C528623C0100156347 /* uoxdata.cpp */,
				641570C628623C0100156347 /* uoxdata.hpp */,
				641570CB2862600100156347 /* dictionary.cpp */,
				641570CC2862600100156347 /* dictionary.hpp */,
				641570CE2862602100156347 /* dictsec.cpp */,
				641570CF2862602100156347 /* dictsec.hpp */,
				641570D428635E7500156347 /* mapdef.cpp */,
				641570D528635E7500156347 /* mapdef.hpp */,
				641570D72863CF2F00156347 /* servcfg.cpp */,
				641570D82863CF2F00156347 /* servcfg.hpp */,
				641570DA2864897300156347 /* shardcfg.cpp */,
				641570DB2864897300156347 /* shardcfg.hpp */,
				641570DD2864C2B600156347 /* account.cpp */,
				641570DE2864C2B600156347 /* account.hpp */,
			);
			path = configuration;
			sourceTree = "<group>";
		};
		641570AE28623B1900156347 /* uodata */ = {
			isa = PBXGroup;
			children = (
				6415713C28660ECD00156347 /* artblock.cpp */,
				6415713128660ECD00156347 /* artblock.hpp */,
				6415713828660ECD00156347 /* multicollection.cpp */,
				6415713328660ECD00156347 /* multicollection.hpp */,
				6415713728660ECD00156347 /* terrainblock.cpp */,
				6415713B28660ECD00156347 /* terrainblock.hpp */,
				6415713428660ECD00156347 /* tileinfo.cpp */,
				6415713028660ECD00156347 /* tileinfo.hpp */,
				6415713228660ECD00156347 /* ultima_types.cpp */,
				6415713528660ECD00156347 /* ultima_types.hpp */,
				6415713A28660ECD00156347 /* uomap.cpp */,
				6415712F28660ECD00156347 /* uomap.hpp */,
				6415713628660ECD00156347 /* uopfile.cpp */,
				6415713928660ECD00156347 /* uopfile.hpp */,
				641570D128635B6100156347 /* uoworld.cpp */,
				641570D228635B6100156347 /* uoworld.hpp */,
			);
			path = uodata;
			sourceTree = "<group>";
		};
		641570C228623BA500156347 /* Frameworks */ = {
			isa = PBXGroup;
			children = (
				641570C328623BA500156347 /* libz.tbd */,
			);
			name = Frameworks;
			sourceTree = "<group>";
		};
		641570E02865CDA200156347 /* network */ = {
			isa = PBXGroup;
			children = (
				641570E12865CE5400156347 /* packet.cpp */,
				641570E22865CE5400156347 /* packet.hpp */,
			);
			path = network;
			sourceTree = "<group>";
		};
		641570E42865CEED00156347 /* objects */ = {
			isa = PBXGroup;
			children = (
				641570E52865CF1100156347 /* objectfactory.cpp */,
				641570E62865CF1100156347 /* objectfactory.hpp */,
				641570EB2865D11300156347 /* baseobject.cpp */,
				641570EC2865D11300156347 /* baseobject.hpp */,
				64708E67286749D000D7975D /* itemobject.cpp */,
				64708E68286749D000D7975D /* itemobject.hpp */,
				64708E6A28674A3500D7975D /* multiobject.cpp */,
				64708E6B28674A3500D7975D /* multiobject.hpp */,
				64708E6D28674A6000D7975D /* mobobject.cpp */,
				64708E6E28674A6000D7975D /* mobobject.hpp */,
				64708E7028674A9700D7975D /* charobject.cpp */,
				64708E7128674A9700D7975D /* charobject.hpp */,
				64708E7328674AFD00D7975D /* boatobject.cpp */,
				64708E7428674AFD00D7975D /* boatobject.hpp */,
				64708E7628674B3B00D7975D /* spawnobject.cpp */,
				64708E7728674B3B00D7975D /* spawnobject.hpp */,
				641E646628663F490066121E /* shardblock.cpp */,
				641E646728663F490066121E /* shardblock.hpp */,
			);
			path = objects;
			sourceTree = "<group>";
		};
		641570EE2865D37800156347 /* world&function */ = {
			isa = PBXGroup;
			children = (
			);
			path = "world&function";
			sourceTree = "<group>";
		};
		641571442866133C00156347 /* vs2022 */ = {
			isa = PBXGroup;
			children = (
				641571452866135E00156347 /* uox.sln */,
				641571472866135E00156347 /* uox.vcxproj */,
				641571462866135E00156347 /* uox.vcxproj.filters */,
			);
			name = vs2022;
			sourceTree = "<group>";
		};
/* End PBXGroup section */

/* Begin PBXNativeTarget section */
		641570812861F8CD00156347 /* uox */ = {
			isa = PBXNativeTarget;
			buildConfigurationList = 641570892861F8CD00156347 /* Build configuration list for PBXNativeTarget "uox" */;
			buildPhases = (
				6415707E2861F8CD00156347 /* Sources */,
				6415707F2861F8CD00156347 /* Frameworks */,
				641570802861F8CD00156347 /* CopyFiles */,
			);
			buildRules = (
			);
			dependencies = (
			);
			name = uox;
			productName = uox;
			productReference = 641570822861F8CD00156347 /* uox */;
			productType = "com.apple.product-type.tool";
		};
/* End PBXNativeTarget section */

/* Begin PBXProject section */
		6415707A2861F8CD00156347 /* Project object */ = {
			isa = PBXProject;
			attributes = {
				BuildIndependentTargetsInParallel = 1;
				LastUpgradeCheck = 1340;
				ORGANIZATIONNAME = "Charles Kerr";
				TargetAttributes = {
					641570812861F8CD00156347 = {
						CreatedOnToolsVersion = 13.4.1;
					};
				};
			};
			buildConfigurationList = 6415707D2861F8CD00156347 /* Build configuration list for PBXProject "uox" */;
			compatibilityVersion = "Xcode 13.0";
			developmentRegion = en;
			hasScannedForEncodings = 0;
			knownRegions = (
				en,
				Base,
			);
			mainGroup = 641570792861F8CD00156347;
			productRefGroup = 641570832861F8CD00156347 /* Products */;
			projectDirPath = "";
			projectRoot = "";
			targets = (
				641570812861F8CD00156347 /* uox */,
			);
		};
/* End PBXProject section */

/* Begin PBXSourcesBuildPhase section */
		6415707E2861F8CD00156347 /* Sources */ = {
			isa = PBXSourcesBuildPhase;
			buildActionMask = 2147483647;
			files = (
				641570AA286218B000156347 /* section.cpp in Sources */,
				641570E32865CE5400156347 /* packet.cpp in Sources */,
				64708E6C28674A3500D7975D /* multiobject.cpp in Sources */,
				641570DF2864C2B600156347 /* account.cpp in Sources */,
				641570862861F8CD00156347 /* main.cpp in Sources */,
				6415714228660ECD00156347 /* uomap.cpp in Sources */,
				6415714328660ECD00156347 /* artblock.cpp in Sources */,
				64708E7528674AFD00D7975D /* boatobject.cpp in Sources */,
				641570D92863CF2F00156347 /* servcfg.cpp in Sources */,
				6415709A2861F93300156347 /* ip4addr.cpp in Sources */,
				641570952861F91F00156347 /* bytebuffer.cpp in Sources */,
				6415713E28660ECD00156347 /* tileinfo.cpp in Sources */,
				641570D02862602100156347 /* dictsec.cpp in Sources */,
				641570942861F91F00156347 /* secparser.cpp in Sources */,
				641570AD28622BEB00156347 /* secgroup.cpp in Sources */,
				6415714028660ECD00156347 /* terrainblock.cpp in Sources */,
				64708E69286749D000D7975D /* itemobject.cpp in Sources */,
				6415709B2861F93300156347 /* socket.cpp in Sources */,
				641570ED2865D11300156347 /* baseobject.cpp in Sources */,
				641570D328635B6100156347 /* uoworld.cpp in Sources */,
				641570DC2864897300156347 /* shardcfg.cpp in Sources */,
				641570932861F91F00156347 /* strutil.cpp in Sources */,
				6415713F28660ECD00156347 /* uopfile.cpp in Sources */,
				641570A22861FF7500156347 /* uoxcfg.cpp in Sources */,
				641570E72865CF1100156347 /* objectfactory.cpp in Sources */,
				64708E7228674A9700D7975D /* charobject.cpp in Sources */,
				64708E6F28674A6000D7975D /* mobobject.cpp in Sources */,
				6415713D28660ECD00156347 /* ultima_types.cpp in Sources */,
				64708E7828674B3B00D7975D /* spawnobject.cpp in Sources */,
				641570CD2862600100156347 /* dictionary.cpp in Sources */,
				641E646828663F490066121E /* shardblock.cpp in Sources */,
				6415714128660ECD00156347 /* multicollection.cpp in Sources */,
				641570C728623C0100156347 /* uoxdata.cpp in Sources */,
				641570A528620AF500156347 /* console.cpp in Sources */,
				641570D628635E7500156347 /* mapdef.cpp in Sources */,
				641570EA2865CFFC00156347 /* uoxtype.cpp in Sources */,
			);
			runOnlyForDeploymentPostprocessing = 0;
		};
/* End PBXSourcesBuildPhase section */

/* Begin XCBuildConfiguration section */
		641570872861F8CD00156347 /* Debug */ = {
			isa = XCBuildConfiguration;
			buildSettings = {
				ALWAYS_SEARCH_USER_PATHS = NO;
				CLANG_ANALYZER_NONNULL = YES;
				CLANG_ANALYZER_NUMBER_OBJECT_CONVERSION = YES_AGGRESSIVE;
				CLANG_CXX_LANGUAGE_STANDARD = "gnu++17";
				CLANG_ENABLE_MODULES = YES;
				CLANG_ENABLE_OBJC_ARC = YES;
				CLANG_ENABLE_OBJC_WEAK = YES;
				CLANG_WARN_BLOCK_CAPTURE_AUTORELEASING = YES;
				CLANG_WARN_BOOL_CONVERSION = YES;
				CLANG_WARN_COMMA = YES;
				CLANG_WARN_CONSTANT_CONVERSION = YES;
				CLANG_WARN_DEPRECATED_OBJC_IMPLEMENTATIONS = YES;
				CLANG_WARN_DIRECT_OBJC_ISA_USAGE = YES_ERROR;
				CLANG_WARN_DOCUMENTATION_COMMENTS = YES;
				CLANG_WARN_EMPTY_BODY = YES;
				CLANG_WARN_ENUM_CONVERSION = YES;
				CLANG_WARN_INFINITE_RECURSION = YES;
				CLANG_WARN_INT_CONVERSION = YES;
				CLANG_WARN_NON_LITERAL_NULL_CONVERSION = YES;
				CLANG_WARN_OBJC_IMPLICIT_RETAIN_SELF = YES;
				CLANG_WARN_OBJC_LITERAL_CONVERSION = YES;
				CLANG_WARN_OBJC_ROOT_CLASS = YES_ERROR;
				CLANG_WARN_QUOTED_INCLUDE_IN_FRAMEWORK_HEADER = YES;
				CLANG_WARN_RANGE_LOOP_ANALYSIS = YES;
				CLANG_WARN_STRICT_PROTOTYPES = YES;
				CLANG_WARN_SUSPICIOUS_MOVE = YES;
				CLANG_WARN_UNGUARDED_AVAILABILITY = YES_AGGRESSIVE;
				CLANG_WARN_UNREACHABLE_CODE = YES;
				CLANG_WARN__DUPLICATE_METHOD_MATCH = YES;
				COPY_PHASE_STRIP = NO;
				DEBUG_INFORMATION_FORMAT = dwarf;
				ENABLE_STRICT_OBJC_MSGSEND = YES;
				ENABLE_TESTABILITY = YES;
				GCC_C_LANGUAGE_STANDARD = gnu11;
				GCC_DYNAMIC_NO_PIC = NO;
				GCC_NO_COMMON_BLOCKS = YES;
				GCC_OPTIMIZATION_LEVEL = 0;
				GCC_PREPROCESSOR_DEFINITIONS = (
					"DEBUG=1",
					"$(inherited)",
				);
				GCC_WARN_64_TO_32_BIT_CONVERSION = YES;
				GCC_WARN_ABOUT_RETURN_TYPE = YES_ERROR;
				GCC_WARN_UNDECLARED_SELECTOR = YES;
				GCC_WARN_UNINITIALIZED_AUTOS = YES_AGGRESSIVE;
				GCC_WARN_UNUSED_FUNCTION = YES;
				GCC_WARN_UNUSED_VARIABLE = YES;
				MACOSX_DEPLOYMENT_TARGET = 12.3;
				MTL_ENABLE_DEBUG_INFO = INCLUDE_SOURCE;
				MTL_FAST_MATH = YES;
				ONLY_ACTIVE_ARCH = YES;
				SDKROOT = macosx;
			};
			name = Debug;
		};
		641570882861F8CD00156347 /* Release */ = {
			isa = XCBuildConfiguration;
			buildSettings = {
				ALWAYS_SEARCH_USER_PATHS = NO;
				CLANG_ANALYZER_NONNULL = YES;
				CLANG_ANALYZER_NUMBER_OBJECT_CONVERSION = YES_AGGRESSIVE;
				CLANG_CXX_LANGUAGE_STANDARD = "gnu++17";
				CLANG_ENABLE_MODULES = YES;
				CLANG_ENABLE_OBJC_ARC = YES;
				CLANG_ENABLE_OBJC_WEAK = YES;
				CLANG_WARN_BLOCK_CAPTURE_AUTORELEASING = YES;
				CLANG_WARN_BOOL_CONVERSION = YES;
				CLANG_WARN_COMMA = YES;
				CLANG_WARN_CONSTANT_CONVERSION = YES;
				CLANG_WARN_DEPRECATED_OBJC_IMPLEMENTATIONS = YES;
				CLANG_WARN_DIRECT_OBJC_ISA_USAGE = YES_ERROR;
				CLANG_WARN_DOCUMENTATION_COMMENTS = YES;
				CLANG_WARN_EMPTY_BODY = YES;
				CLANG_WARN_ENUM_CONVERSION = YES;
				CLANG_WARN_INFINITE_RECURSION = YES;
				CLANG_WARN_INT_CONVERSION = YES;
				CLANG_WARN_NON_LITERAL_NULL_CONVERSION = YES;
				CLANG_WARN_OBJC_IMPLICIT_RETAIN_SELF = YES;
				CLANG_WARN_OBJC_LITERAL_CONVERSION = YES;
				CLANG_WARN_OBJC_ROOT_CLASS = YES_ERROR;
				CLANG_WARN_QUOTED_INCLUDE_IN_FRAMEWORK_HEADER = YES;
				CLANG_WARN_RANGE_LOOP_ANALYSIS = YES;
				CLANG_WARN_STRICT_PROTOTYPES = YES;
				CLANG_WARN_SUSPICIOUS_MOVE = YES;
				CLANG_WARN_UNGUARDED_AVAILABILITY = YES_AGGRESSIVE;
				CLANG_WARN_UNREACHABLE_CODE = YES;
				CLANG_WARN__DUPLICATE_METHOD_MATCH = YES;
				COPY_PHASE_STRIP = NO;
				DEBUG_INFORMATION_FORMAT = "dwarf-with-dsym";
				ENABLE_NS_ASSERTIONS = NO;
				ENABLE_STRICT_OBJC_MSGSEND = YES;
				GCC_C_LANGUAGE_STANDARD = gnu11;
				GCC_NO_COMMON_BLOCKS = YES;
				GCC_WARN_64_TO_32_BIT_CONVERSION = YES;
				GCC_WARN_ABOUT_RETURN_TYPE = YES_ERROR;
				GCC_WARN_UNDECLARED_SELECTOR = YES;
				GCC_WARN_UNINITIALIZED_AUTOS = YES_AGGRESSIVE;
				GCC_WARN_UNUSED_FUNCTION = YES;
				GCC_WARN_UNUSED_VARIABLE = YES;
				MACOSX_DEPLOYMENT_TARGET = 12.3;
				MTL_ENABLE_DEBUG_INFO = NO;
				MTL_FAST_MATH = YES;
				SDKROOT = macosx;
			};
			name = Release;
		};
		6415708A2861F8CD00156347 /* Debug */ = {
			isa = XCBuildConfiguration;
			buildSettings = {
				CLANG_WARN_DOCUMENTATION_COMMENTS = NO;
				CODE_SIGN_STYLE = Automatic;
				DEVELOPMENT_TEAM = CF264WE69M;
				ENABLE_HARDENED_RUNTIME = YES;
				PRODUCT_NAME = "$(TARGET_NAME)";
			};
			name = Debug;
		};
		6415708B2861F8CD00156347 /* Release */ = {
			isa = XCBuildConfiguration;
			buildSettings = {
				CLANG_WARN_DOCUMENTATION_COMMENTS = NO;
				CODE_SIGN_STYLE = Automatic;
				DEVELOPMENT_TEAM = CF264WE69M;
				ENABLE_HARDENED_RUNTIME = YES;
				PRODUCT_NAME = "$(TARGET_NAME)";
			};
			name = Release;
		};
/* End XCBuildConfiguration section */

/* Begin XCConfigurationList section */
		6415707D2861F8CD00156347 /* Build configuration list for PBXProject "uox" */ = {
			isa = XCConfigurationList;
			buildConfigurations = (
				641570872861F8CD00156347 /* Debug */,
				641570882861F8CD00156347 /* Release */,
			);
			defaultConfigurationIsVisible = 0;
			defaultConfigurationName = Release;
		};
		641570892861F8CD00156347 /* Build configuration list for PBXNativeTarget "uox" */ = {
			isa = XCConfigurationList;
			buildConfigurations = (
				6415708A2861F8CD00156347 /* Debug */,
				6415708B2861F8CD00156347 /* Release */,
			);
			defaultConfigurationIsVisible = 0;
			defaultConfigurationName = Release;
		};
/* End XCConfigurationList section */
	};
	rootObject = 6415707A2861F8CD00156347 /* Project object */;
}
